{
  "name": "bootstrap-test",
  "version": "1.0.0",
  "lockfileVersion": 1,
  "requires": true,
  "dependencies": {
    "bootstrap": {
      "version": "4.3.1",
      "resolved": "https://registry.npmjs.org/bootstrap/-/bootstrap-4.3.1.tgz",
      "integrity": "sha512-rXqOmH1VilAt2DyPzluTi2blhk17bO7ef+zLLPlWvG494pDxcM234pJ8wTc/6R40UWizAIIMgxjvxZg5kmsbag==",
      "dev": true
    },
    "hello-week": {
      "version": "2.10.3",
      "resolved": "https://registry.npmjs.org/hello-week/-/hello-week-2.10.3.tgz",
      "integrity": "sha512-T99rakSl/LQL/qdgIHCCwJ2ToYBZ/fblgef3hSFzH9NCx8Wmdq3WaEEaNfaUmbu2M+9NGkJZTVXn6sJY7CaAZQ=="
    }
  }
}
